// !$*UTF8*$!
{
	archiveVersion = 1;
	classes = {
	};
	objectVersion = 56;
	objects = {

/* Begin PBXBuildFile section */
		4394B431299BA4710084CB2B /* Main.cpp in Sources */ = {isa = PBXBuildFile; fileRef = 4394B430299BA4710084CB2B /* Main.cpp */; };
		4396B677299F561B00010F30 /* GetRandomNumber.cpp in Sources */ = {isa = PBXBuildFile; fileRef = 4396B675299F561B00010F30 /* GetRandomNumber.cpp */; };
		4396B67A299F5A0F00010F30 /* FilteredInput.cpp in Sources */ = {isa = PBXBuildFile; fileRef = 4396B678299F5A0F00010F30 /* FilteredInput.cpp */; };
		4399AD40299FB01D00E96461 /* Classes.cpp in Sources */ = {isa = PBXBuildFile; fileRef = 4399AD3E299FB01D00E96461 /* Classes.cpp */; };
/* End PBXBuildFile section */

/* Begin PBXCopyFilesBuildPhase section */
		4394B42B299BA4710084CB2B /* CopyFiles */ = {
			isa = PBXCopyFilesBuildPhase;
			buildActionMask = 2147483647;
			dstPath = /usr/share/man/man1/;
			dstSubfolderSpec = 0;
			files = (
			);
			runOnlyForDeploymentPostprocessing = 1;
		};
/* End PBXCopyFilesBuildPhase section */

/* Begin PBXFileReference section */
		4394B42D299BA4710084CB2B /* Heads and Hands demo */ = {isa = PBXFileReference; explicitFileType = "compiled.mach-o.executable"; includeInIndex = 0; path = "Heads and Hands demo"; sourceTree = BUILT_PRODUCTS_DIR; };
		4394B430299BA4710084CB2B /* Main.cpp */ = {isa = PBXFileReference; lastKnownFileType = sourcecode.cpp.cpp; path = Main.cpp; sourceTree = "<group>"; };
		4396B675299F561B00010F30 /* GetRandomNumber.cpp */ = {isa = PBXFileReference; lastKnownFileType = sourcecode.cpp.cpp; path = GetRandomNumber.cpp; sourceTree = "<group>"; };
		4396B676299F561B00010F30 /* GetRandomNumber.hpp */ = {isa = PBXFileReference; lastKnownFileType = sourcecode.cpp.h; path = GetRandomNumber.hpp; sourceTree = "<group>"; };
		4396B678299F5A0F00010F30 /* FilteredInput.cpp */ = {isa = PBXFileReference; lastKnownFileType = sourcecode.cpp.cpp; path = FilteredInput.cpp; sourceTree = "<group>"; };
		4396B679299F5A0F00010F30 /* FilteredInput.hpp */ = {isa = PBXFileReference; lastKnownFileType = sourcecode.cpp.h; path = FilteredInput.hpp; sourceTree = "<group>"; };
		4399AD3E299FB01D00E96461 /* Classes.cpp */ = {isa = PBXFileReference; lastKnownFileType = sourcecode.cpp.cpp; path = Classes.cpp; sourceTree = "<group>"; };
		4399AD3F299FB01D00E96461 /* Classes.hpp */ = {isa = PBXFileReference; lastKnownFileType = sourcecode.cpp.h; path = Classes.hpp; sourceTree = "<group>"; };
/* End PBXFileReference section */

/* Begin PBXFrameworksBuildPhase section */
		4394B42A299BA4710084CB2B /* Frameworks */ = {
			isa = PBXFrameworksBuildPhase;
			buildActionMask = 2147483647;
			files = (
			);
			runOnlyForDeploymentPostprocessing = 0;
		};
/* End PBXFrameworksBuildPhase section */

/* Begin PBXGroup section */
		4394B424299BA4710084CB2B = {
			isa = PBXGroup;
			children = (
				4394B42F299BA4710084CB2B /* Heads and Hands demo */,
				4394B42E299BA4710084CB2B /* Products */,
			);
			sourceTree = "<group>";
		};
		4394B42E299BA4710084CB2B /* Products */ = {
			isa = PBXGroup;
			children = (
				4394B42D299BA4710084CB2B /* Heads and Hands demo */,
			);
			name = Products;
			sourceTree = "<group>";
		};
		4394B42F299BA4710084CB2B /* Heads and Hands demo */ = {
			isa = PBXGroup;
			children = (
				4394B430299BA4710084CB2B /* Main.cpp */,
				4396B675299F561B00010F30 /* GetRandomNumber.cpp */,
				4396B676299F561B00010F30 /* GetRandomNumber.hpp */,
				4396B678299F5A0F00010F30 /* FilteredInput.cpp */,
				4396B679299F5A0F00010F30 /* FilteredInput.hpp */,
				4399AD3E299FB01D00E96461 /* Classes.cpp */,
				4399AD3F299FB01D00E96461 /* Classes.hpp */,
			);
			path = "Heads and Hands demo";
			sourceTree = "<group>";
		};
/* End PBXGroup section */

/* Begin PBXNativeTarget section */
		4394B42C299BA4710084CB2B /* Heads and Hands demo */ = {
			isa = PBXNativeTarget;
			buildConfigurationList = 4394B434299BA4710084CB2B /* Build configuration list for PBXNativeTarget "Heads and Hands demo" */;
			buildPhases = (
				4394B429299BA4710084CB2B /* Sources */,
				4394B42A299BA4710084CB2B /* Frameworks */,
				4394B42B299BA4710084CB2B /* CopyFiles */,
			);
			buildRules = (
			);
			dependencies = (
			);
			name = "Heads and Hands demo";
			productName = "Heads and Hands demo";
			productReference = 4394B42D299BA4710084CB2B /* Heads and Hands demo */;
			productType = "com.apple.product-type.tool";
		};
/* End PBXNativeTarget section */

/* Begin PBXProject section */
		4394B425299BA4710084CB2B /* Project object */ = {
			isa = PBXProject;
			attributes = {
				BuildIndependentTargetsInParallel = 1;
				LastUpgradeCheck = 1420;
				TargetAttributes = {
					4394B42C299BA4710084CB2B = {
						CreatedOnToolsVersion = 14.2;
					};
				};
			};
			buildConfigurationList = 4394B428299BA4710084CB2B /* Build configuration list for PBXProject "Heads and Hands demo" */;
			compatibilityVersion = "Xcode 14.0";
			developmentRegion = en;
			hasScannedForEncodings = 0;
			knownRegions = (
				en,
				Base,
			);
			mainGroup = 4394B424299BA4710084CB2B;
			productRefGroup = 4394B42E299BA4710084CB2B /* Products */;
			projectDirPath = "";
			projectRoot = "";
			targets = (
				4394B42C299BA4710084CB2B /* Heads and Hands demo */,
			);
		};
/* End PBXProject section */

/* Begin PBXSourcesBuildPhase section */
		4394B429299BA4710084CB2B /* Sources */ = {
			isa = PBXSourcesBuildPhase;
			buildActionMask = 2147483647;
			files = (
				4396B67A299F5A0F00010F30 /* FilteredInput.cpp in Sources */,
				4396B677299F561B00010F30 /* GetRandomNumber.cpp in Sources */,
				4399AD40299FB01D00E96461 /* Classes.cpp in Sources */,
				4394B431299BA4710084CB2B /* Main.cpp in Sources */,
			);
			runOnlyForDeploymentPostprocessing = 0;
		};
/* End PBXSourcesBuildPhase section */

/* Begin XCBuildConfiguration section */
		4394B432299BA4710084CB2B /* Debug */ = {
			isa = XCBuildConfiguration;
			buildSettings = {
				ALWAYS_SEARCH_USER_PATHS = NO;
				CLANG_ANALYZER_NONNULL = YES;
				CLANG_ANALYZER_NUMBER_OBJECT_CONVERSION = YES_AGGRESSIVE;
				CLANG_CXX_LANGUAGE_STANDARD = "gnu++20";
				CLANG_ENABLE_MODULES = YES;
				CLANG_ENABLE_OBJC_ARC = YES;
				CLANG_ENABLE_OBJC_WEAK = YES;
				CLANG_WARN_BLOCK_CAPTURE_AUTORELEASING = YES;
				CLANG_WARN_BOOL_CONVERSION = YES;
				CLANG_WARN_COMMA = YES;
				CLANG_WARN_CONSTANT_CONVERSION = YES;
				CLANG_WARN_DEPRECATED_OBJC_IMPLEMENTATIONS = YES;
				CLANG_WARN_DIRECT_OBJC_ISA_USAGE = YES_ERROR;
				CLANG_WARN_DOCUMENTATION_COMMENTS = YES;
				CLANG_WARN_EMPTY_BODY = YES;
				CLANG_WARN_ENUM_CONVERSION = YES;
				CLANG_WARN_INFINITE_RECURSION = YES;
				CLANG_WARN_INT_CONVERSION = YES;
				CLANG_WARN_NON_LITERAL_NULL_CONVERSION = YES;
				CLANG_WARN_OBJC_IMPLICIT_RETAIN_SELF = YES;
				CLANG_WARN_OBJC_LITERAL_CONVERSION = YES;
				CLANG_WARN_OBJC_ROOT_CLASS = YES_ERROR;
				CLANG_WARN_QUOTED_INCLUDE_IN_FRAMEWORK_HEADER = YES;
				CLANG_WARN_RANGE_LOOP_ANALYSIS = YES;
				CLANG_WARN_STRICT_PROTOTYPES = YES;
				CLANG_WARN_SUSPICIOUS_MOVE = YES;
				CLANG_WARN_UNGUARDED_AVAILABILITY = YES_AGGRESSIVE;
				CLANG_WARN_UNREACHABLE_CODE = YES;
				CLANG_WARN__DUPLICATE_METHOD_MATCH = YES;
				COPY_PHASE_STRIP = NO;
				DEBUG_INFORMATION_FORMAT = dwarf;
				ENABLE_STRICT_OBJC_MSGSEND = YES;
				ENABLE_TESTABILITY = YES;
				GCC_C_LANGUAGE_STANDARD = gnu11;
				GCC_DYNAMIC_NO_PIC = NO;
				GCC_NO_COMMON_BLOCKS = YES;
				GCC_OPTIMIZATION_LEVEL = 0;
				GCC_PREPROCESSOR_DEFINITIONS = (
					"DEBUG=1",
					"$(inherited)",
				);
				GCC_WARN_64_TO_32_BIT_CONVERSION = YES;
				GCC_WARN_ABOUT_RETURN_TYPE = YES_ERROR;
				GCC_WARN_UNDECLARED_SELECTOR = YES;
				GCC_WARN_UNINITIALIZED_AUTOS = YES_AGGRESSIVE;
				GCC_WARN_UNUSED_FUNCTION = YES;
				GCC_WARN_UNUSED_VARIABLE = YES;
				MACOSX_DEPLOYMENT_TARGET = 12.6;
				MTL_ENABLE_DEBUG_INFO = INCLUDE_SOURCE;
				MTL_FAST_MATH = YES;
				ONLY_ACTIVE_ARCH = YES;
				SDKROOT = macosx;
			};
			name = Debug;
		};
		4394B433299BA4710084CB2B /* Release */ = {
			isa = XCBuildConfiguration;
			buildSettings = {
				ALWAYS_SEARCH_USER_PATHS = NO;
				CLANG_ANALYZER_NONNULL = YES;
				CLANG_ANALYZER_NUMBER_OBJECT_CONVERSION = YES_AGGRESSIVE;
				CLANG_CXX_LANGUAGE_STANDARD = "gnu++20";
				CLANG_ENABLE_MODULES = YES;
				CLANG_ENABLE_OBJC_ARC = YES;
				CLANG_ENABLE_OBJC_WEAK = YES;
				CLANG_WARN_BLOCK_CAPTURE_AUTORELEASING = YES;
				CLANG_WARN_BOOL_CONVERSION = YES;
				CLANG_WARN_COMMA = YES;
				CLANG_WARN_CONSTANT_CONVERSION = YES;
				CLANG_WARN_DEPRECATED_OBJC_IMPLEMENTATIONS = YES;
				CLANG_WARN_DIRECT_OBJC_ISA_USAGE = YES_ERROR;
				CLANG_WARN_DOCUMENTATION_COMMENTS = YES;
				CLANG_WARN_EMPTY_BODY = YES;
				CLANG_WARN_ENUM_CONVERSION = YES;
				CLANG_WARN_INFINITE_RECURSION = YES;
				CLANG_WARN_INT_CONVERSION = YES;
				CLANG_WARN_NON_LITERAL_NULL_CONVERSION = YES;
				CLANG_WARN_OBJC_IMPLICIT_RETAIN_SELF = YES;
				CLANG_WARN_OBJC_LITERAL_CONVERSION = YES;
				CLANG_WARN_OBJC_ROOT_CLASS = YES_ERROR;
				CLANG_WARN_QUOTED_INCLUDE_IN_FRAMEWORK_HEADER = YES;
				CLANG_WARN_RANGE_LOOP_ANALYSIS = YES;
				CLANG_WARN_STRICT_PROTOTYPES = YES;
				CLANG_WARN_SUSPICIOUS_MOVE = YES;
				CLANG_WARN_UNGUARDED_AVAILABILITY = YES_AGGRESSIVE;
				CLANG_WARN_UNREACHABLE_CODE = YES;
				CLANG_WARN__DUPLICATE_METHOD_MATCH = YES;
				COPY_PHASE_STRIP = NO;
				DEBUG_INFORMATION_FORMAT = "dwarf-with-dsym";
				ENABLE_NS_ASSERTIONS = NO;
				ENABLE_STRICT_OBJC_MSGSEND = YES;
				GCC_C_LANGUAGE_STANDARD = gnu11;
				GCC_NO_COMMON_BLOCKS = YES;
				GCC_WARN_64_TO_32_BIT_CONVERSION = YES;
				GCC_WARN_ABOUT_RETURN_TYPE = YES_ERROR;
				GCC_WARN_UNDECLARED_SELECTOR = YES;
				GCC_WARN_UNINITIALIZED_AUTOS = YES_AGGRESSIVE;
				GCC_WARN_UNUSED_FUNCTION = YES;
				GCC_WARN_UNUSED_VARIABLE = YES;
				MACOSX_DEPLOYMENT_TARGET = 12.6;
				MTL_ENABLE_DEBUG_INFO = NO;
				MTL_FAST_MATH = YES;
				SDKROOT = macosx;
			};
			name = Release;
		};
		4394B435299BA4710084CB2B /* Debug */ = {
			isa = XCBuildConfiguration;
			buildSettings = {
				CODE_SIGN_STYLE = Automatic;
				PRODUCT_NAME = "$(TARGET_NAME)";
			};
			name = Debug;
		};
		4394B436299BA4710084CB2B /* Release */ = {
			isa = XCBuildConfiguration;
			buildSettings = {
				CODE_SIGN_STYLE = Automatic;
				PRODUCT_NAME = "$(TARGET_NAME)";
			};
			name = Release;
		};
/* End XCBuildConfiguration section */

/* Begin XCConfigurationList section */
		4394B428299BA4710084CB2B /* Build configuration list for PBXProject "Heads and Hands demo" */ = {
			isa = XCConfigurationList;
			buildConfigurations = (
				4394B432299BA4710084CB2B /* Debug */,
				4394B433299BA4710084CB2B /* Release */,
			);
			defaultConfigurationIsVisible = 0;
			defaultConfigurationName = Release;
		};
		4394B434299BA4710084CB2B /* Build configuration list for PBXNativeTarget "Heads and Hands demo" */ = {
			isa = XCConfigurationList;
			buildConfigurations = (
				4394B435299BA4710084CB2B /* Debug */,
				4394B436299BA4710084CB2B /* Release */,
			);
			defaultConfigurationIsVisible = 0;
			defaultConfigurationName = Release;
		};
/* End XCConfigurationList section */
	};
	rootObject = 4394B425299BA4710084CB2B /* Project object */;
}
